<?xml version="1.0" encoding="UTF-8" standalone="yes" ?>
<CodeBlocks_project_file>
	<FileVersion major="1" minor="6" />
	<Project>
		<Option title="shmup-base-engine" />
		<Option platforms="Windows;" />
		<Option pch_mode="2" />
		<Option compiler="gcc" />
		<Build>
			<Target title="debug">
				<Option output="bin\sbe-debug" prefix_auto="1" extension_auto="1" />
				<Option object_output="obj\" />
				<Option type="1" />
				<Option compiler="gcc" />
				<Compiler>
					<Add option="-g" />
				</Compiler>
				<Linker>
					<Add option="-lsfml-audio-s-d" />
					<Add option="-lsfml-graphics-s-d" />
					<Add option="-lsfml-window-s-d" />
					<Add option="-lsfml-system-s-d" />
				</Linker>
			</Target>
			<Target title="release">
				<Option output="bin\sbe" prefix_auto="1" extension_auto="1" />
				<Option object_output="obj\" />
				<Option type="0" />
				<Option compiler="gcc" />
				<Compiler>
					<Add option="-O2" />
				</Compiler>
				<Linker>
					<Add option="-s" />
					<Add option="-lsfml-audio-s" />
					<Add option="-lsfml-graphics-s" />
					<Add option="-lsfml-window-s" />
					<Add option="-lsfml-system-s" />
				</Linker>
			</Target>
		</Build>
		<Compiler>
			<Add option="-Wall" />
		</Compiler>
		<Unit filename="assets\debug\cross.png" />
		<Unit filename="assets\debug\dev1.jpg" />
		<Unit filename="assets\debug\error.png" />
		<Unit filename="assets\debug\particle.png" />
		<Unit filename="assets\debug\white.jpg" />
		<Unit filename="assets\font\CHILLER.TTF" />
		<Unit filename="assets\font\Inconsolata.otf" />
		<Unit filename="assets\font\consola.ttf" />
		<Unit filename="assets\icon.ico" />
		<Unit filename="assets\image\8bjet.png" />
		<Unit filename="assets\image\background_1.png" />
		<Unit filename="assets\image\backgrounds\foggy\foggy_layer1.png" />
		<Unit filename="assets\image\backgrounds\foggy\foggy_layer2.png" />
		<Unit filename="assets\image\backgrounds\foggy\foggy_layer3.png" />
		<Unit filename="assets\image\backgrounds\foggy\landscape.jpg" />
		<Unit filename="assets\image\backgrounds\rain.png" />
		<Unit filename="assets\image\bubble.png" />
		<Unit filename="assets\image\cb.bmp" />
		<Unit filename="assets\image\hilarious.jpg" />
		<Unit filename="assets\image\jet.png" />
		<Unit filename="assets\image\kawaii.png" />
		<Unit filename="assets\image\particle_2.png" />
		<Unit filename="assets\image\shield.png" />
		<Unit filename="assets\image\shockwave.png" />
		<Unit filename="assets\image\smoke01.png" />
		<Unit filename="assets\image\smoke02.png" />
		<Unit filename="assets\music\8bitloli.ogg" />
		<Unit filename="assets\music\loli.ogg" />
		<Unit filename="assets\music\loli2.ogg" />
		<Unit filename="assets\resources.rc">
			<Option compilerVar="WINDRES" />
		</Unit>
		<Unit filename="assets\sound\blaster1.wav" />
		<Unit filename="assets\sound\durr.wav" />
		<Unit filename="assets\sound\error.wav" />
		<Unit filename="assets\sound\pop1.wav" />
		<Unit filename="maps\default\1.map" />
		<Unit filename="scripts\assets\fonts.ast" />
		<Unit filename="scripts\assets\images.ast" />
		<Unit filename="scripts\assets\music.ast" />
		<Unit filename="scripts\assets\particles.ast" />
		<Unit filename="scripts\assets\sound.ast" />
		<Unit filename="scripts\assets\system_images.ast" />
		<Unit filename="scripts\assets\test_enemies.ast" />
		<Unit filename="scripts\enemies\enemy_01.ast" />
		<Unit filename="scripts\maps\background\bg_foggy.ast" />
		<Unit filename="scripts\maps\test_map.ast" />
		<Unit filename="scripts\particles\explosion\explosion1.ast" />
		<Unit filename="scripts\particles\explosion\explosion1_shockwave.ast" />
		<Unit filename="scripts\particles\menu\mainmenu.ast" />
		<Unit filename="scripts\particles\menu\options.ast" />
		<Unit filename="scripts\particles\particle_test.ast" />
		<Unit filename="scripts\particles\plasma_blast.ast" />
		<Unit filename="scripts\particles\shield.ast" />
		<Unit filename="scripts\particles\shield_old.ast" />
		<Unit filename="scripts\particles\shot_01_p.ast" />
		<Unit filename="scripts\particles\trails\fire_1.ast" />
		<Unit filename="scripts\particles\trails\smoke_1.ast" />
		<Unit filename="scripts\paths\path_01.ast" />
		<Unit filename="scripts\shots\shot_01.ast" />
		<Unit filename="scripts\weapons\test_wpn.ast" />
		<Unit filename="src\audio\audiohandler.cpp" />
		<Unit filename="src\audio\audiohandler.h" />
		<Unit filename="src\audio\music.cpp" />
		<Unit filename="src\audio\music.h" />
		<Unit filename="src\game\enemy.cpp" />
		<Unit filename="src\game\enemy.h" />
		<Unit filename="src\game\enemyhandler.cpp" />
		<Unit filename="src\game\enemyhandler.h" />
		<Unit filename="src\game\entity.cpp" />
		<Unit filename="src\game\entity.h" />
		<Unit filename="src\game\hitbox.cpp" />
		<Unit filename="src\game\hitbox.h" />
		<Unit filename="src\game\movable.cpp" />
		<Unit filename="src\game\movable.h" />
		<Unit filename="src\game\path.cpp" />
		<Unit filename="src\game\path.h" />
		<Unit filename="src\game\projectile.cpp" />
		<Unit filename="src\game\projectile.h" />
		<Unit filename="src\game\ship.cpp" />
		<Unit filename="src\game\ship.h" />
		<Unit filename="src\game\stage.cpp" />
		<Unit filename="src\game\stage.h" />
		<Unit filename="src\game\weapon.cpp" />
		<Unit filename="src\game\weapon.h" />
		<Unit filename="src\graphics\background.cpp" />
		<Unit filename="src\graphics\background.h" />
		<Unit filename="src\graphics\drawable.h" />
		<Unit filename="src\graphics\imagehandler.cpp" />
		<Unit filename="src\graphics\imagehandler.h" />
		<Unit filename="src\graphics\layer.cpp" />
		<Unit filename="src\graphics\layer.h" />
		<Unit filename="src\graphics\particle.cpp" />
		<Unit filename="src\graphics\particle.h" />
		<Unit filename="src\graphics\particlehandler.cpp" />
		<Unit filename="src\graphics\particlehandler.h" />
		<Unit filename="src\graphics\particlesystem.cpp" />
		<Unit filename="src\graphics\particlesystem.h" />
		<Unit filename="src\graphics\sprite.cpp" />
		<Unit filename="src\graphics\sprite.h" />
		<Unit filename="src\graphics\window.cpp" />
		<Unit filename="src\graphics\window.h" />
		<Unit filename="src\gui\button.cpp" />
		<Unit filename="src\gui\button.h" />
		<Unit filename="src\gui\checkbutton.cpp" />
		<Unit filename="src\gui\checkbutton.h" />
		<Unit filename="src\gui\command.cpp" />
		<Unit filename="src\gui\command.h" />
		<Unit filename="src\gui\console.cpp" />
		<Unit filename="src\gui\console.h" />
		<Unit filename="src\gui\dialogpanel.cpp" />
		<Unit filename="src\gui\dialogpanel.h" />
		<Unit filename="src\gui\gui.cpp" />
		<Unit filename="src\gui\gui.h" />
		<Unit filename="src\gui\mainmenu.cpp" />
		<Unit filename="src\gui\mainmenu.h" />
		<Unit filename="src\gui\menu.cpp" />
		<Unit filename="src\gui\menu.h" />
		<Unit filename="src\gui\optionsmenu.cpp" />
		<Unit filename="src\gui\optionsmenu.h" />
		<Unit filename="src\gui\panel.cpp" />
		<Unit filename="src\gui\panel.h" />
		<Unit filename="src\gui\selectmenu.cpp" />
		<Unit filename="src\gui\selectmenu.h" />
		<Unit filename="src\main.cpp" />
		<Unit filename="src\md5\md5.cpp" />
		<Unit filename="src\md5\md5.h" />
		<Unit filename="src\sys\action.cpp" />
		<Unit filename="src\sys\action.h" />
		<Unit filename="src\sys\configreader.cpp" />
		<Unit filename="src\sys\configreader.h" />
		<Unit filename="src\sys\const.h" />
		<Unit filename="src\sys\eventhandler.cpp" />
		<Unit filename="src\sys\eventhandler.h" />
		<Unit filename="src\sys\filehandler.cpp" />
		<Unit filename="src\sys\filehandler.h" />
		<Unit filename="src\sys\logger.cpp" />
		<Unit filename="src\sys\logger.h" />
		<Unit filename="src\sys\time.h" />
		<Unit filename="src\sys\util.h" />
		<Extensions>
			<code_completion />
			<debugger />
		</Extensions>
	</Project>
</CodeBlocks_project_file>
